
Microsoft Visual Studio Solution File, Format Version 12.00
# Visual Studio 2015
Project("{FAE04EC0-301F-11D3-BF4B-00C04F79EFBC}") = "live_build_002.CSharp", "live_build_002.CSharp.csproj", "{CBD90AC7-021C-938E-E986-A302FFA998DF}"
EndProject
Global
	GlobalSection(SolutionConfigurationPlatforms) = preSolution
		Debug|Any CPU = Debug|Any CPU
		Release|Any CPU = Release|Any CPU
	EndGlobalSection
	GlobalSection(ProjectConfigurationPlatforms) = postSolution
		{CBD90AC7-021C-938E-E986-A302FFA998DF}.Debug|Any CPU.ActiveCfg = Debug|Any CPU
		{CBD90AC7-021C-938E-E986-A302FFA998DF}.Debug|Any CPU.Build.0 = Debug|Any CPU
		{CBD90AC7-021C-938E-E986-A302FFA998DF}.Release|Any CPU.ActiveCfg = Release|Any CPU
		{CBD90AC7-021C-938E-E986-A302FFA998DF}.Release|Any CPU.Build.0 = Release|Any CPU
	EndGlobalSection
	GlobalSection(SolutionProperties) = preSolution
		HideSolutionNode = FALSE
	EndGlobalSection
EndGlobal
